{
  "version": 4,
  "terraform_version": "1.9.8",
  "serial": 29,
  "lineage": "f11125bb-f1b4-a60d-c760-d3b9966a76a7",
  "outputs": {},
  "resources": [
    {
      "mode": "data",
      "type": "aws_caller_identity",
      "name": "current",
      "provider": "provider[\"registry.terraform.io/hashicorp/aws\"]",
      "instances": [
        {
          "schema_version": 0,
          "attributes": {
            "account_id": "565393043639",
            "arn": "arn:aws:iam::565393043639:root",
            "id": "565393043639",
            "user_id": "565393043639"
          },
          "sensitive_attributes": []
        }
      ]
    },
    {
      "mode": "managed",
      "type": "aws_appsync_api_key",
      "name": "default",
      "provider": "provider[\"registry.terraform.io/hashicorp/aws\"]",
      "instances": [
        {
          "schema_version": 0,
          "attributes": {
            "api_id": "57sn3somcbhf3gjir66ecphjxq",
            "api_key_id": "da2-6ufy6cny3rds3gcbfnalodetay",
            "description": "Managed by Terraform",
            "expires": "2025-10-20T22:00:00Z",
            "id": "57sn3somcbhf3gjir66ecphjxq:da2-6ufy6cny3rds3gcbfnalodetay",
            "key": "da2-6ufy6cny3rds3gcbfnalodetay"
          },
          "sensitive_attributes": [
            [
              {
                "type": "get_attr",
                "value": "key"
              }
            ]
          ],
          "private": "bnVsbA==",
          "dependencies": [
            "aws_appsync_graphql_api.myapi"
          ]
        }
      ]
    },
    {
      "mode": "managed",
      "type": "aws_appsync_datasource",
      "name": "dynamodb",
      "provider": "provider[\"registry.terraform.io/hashicorp/aws\"]",
      "instances": [
        {
          "schema_version": 0,
          "attributes": {
            "api_id": "57sn3somcbhf3gjir66ecphjxq",
            "arn": "arn:aws:appsync:us-east-1:565393043639:apis/57sn3somcbhf3gjir66ecphjxq/datasources/DynamoDB",
            "description": "",
            "dynamodb_config": [
              {
                "delta_sync_config": [],
                "region": "us-east-1",
                "table_name": "FeedbackTable",
                "use_caller_credentials": false,
                "versioned": false
              }
            ],
            "elasticsearch_config": [],
            "event_bridge_config": [],
            "http_config": [],
            "id": "57sn3somcbhf3gjir66ecphjxq-DynamoDB",
            "lambda_config": [],
            "name": "DynamoDB",
            "opensearchservice_config": [],
            "relational_database_config": [],
            "service_role_arn": "arn:aws:iam::565393043639:role/AppSyncDynamoDBRole",
            "type": "AMAZON_DYNAMODB"
          },
          "sensitive_attributes": [],
          "private": "bnVsbA==",
          "dependencies": [
            "aws_appsync_graphql_api.myapi",
            "aws_dynamodb_table.feedback",
            "aws_iam_role.appsync_role"
          ]
        }
      ]
    },
    {
      "mode": "managed",
      "type": "aws_appsync_graphql_api",
      "name": "myapi",
      "provider": "provider[\"registry.terraform.io/hashicorp/aws\"]",
      "instances": [
        {
          "schema_version": 0,
          "attributes": {
            "additional_authentication_provider": [],
            "api_type": "GRAPHQL",
            "arn": "arn:aws:appsync:us-east-1:565393043639:apis/57sn3somcbhf3gjir66ecphjxq",
            "authentication_type": "API_KEY",
            "enhanced_metrics_config": [],
            "id": "57sn3somcbhf3gjir66ecphjxq",
            "introspection_config": "ENABLED",
            "lambda_authorizer_config": [],
            "log_config": [],
            "merged_api_execution_role_arn": "",
            "name": "MyAppSyncAPI",
            "openid_connect_config": [],
            "query_depth_limit": 0,
            "resolver_count_limit": 0,
            "schema": "type feedback {\n  date: String!\n  type: String!\n  email: String\n  message: String\n  name: String\n  rating: String\n}\n\ntype Query {\n  getFeedback(type: String!, date: String!): feedback\n  listFeedbacks: feedbackConnection\n}\n\ntype Mutation {\n  createFeedback(\n    date: String!\n    type: String\n    email: String\n    message: String\n    name: String\n    rating: String\n  ): feedback\n}\n\ntype feedbackConnection {\n  items: [feedback]\n}\n\ntype Subscription {\n  onCreateFeedback(type: String): feedback\n    @aws_subscribe(mutations: [\"createFeedback\"])\n}\n",
            "tags": {},
            "tags_all": {},
            "uris": {
              "GRAPHQL": "https://nyaidzpp7fastd2irsehg6nxxa.appsync-api.us-east-1.amazonaws.com/graphql",
              "REALTIME": "wss://nyaidzpp7fastd2irsehg6nxxa.appsync-realtime-api.us-east-1.amazonaws.com/graphql"
            },
            "user_pool_config": [],
            "visibility": "GLOBAL",
            "xray_enabled": false
          },
          "sensitive_attributes": [],
          "private": "bnVsbA=="
        }
      ]
    },
    {
      "mode": "managed",
      "type": "aws_appsync_resolver",
      "name": "create_feedback_resolver",
      "provider": "provider[\"registry.terraform.io/hashicorp/aws\"]",
      "instances": [
        {
          "schema_version": 0,
          "attributes": {
            "api_id": "57sn3somcbhf3gjir66ecphjxq",
            "arn": "arn:aws:appsync:us-east-1:565393043639:apis/57sn3somcbhf3gjir66ecphjxq/types/Mutation/resolvers/createFeedback",
            "caching_config": [],
            "code": "",
            "data_source": "DynamoDB",
            "field": "createFeedback",
            "id": "57sn3somcbhf3gjir66ecphjxq-Mutation-createFeedback",
            "kind": "UNIT",
            "max_batch_size": 0,
            "pipeline_config": [],
            "request_template": "{\n  \"version\": \"2017-02-28\",\n  \"operation\": \"PutItem\",\n  \"key\": {\n    \"type\": {\n      \"S\": \"$ctx.args.type\"\n    },\n    \"date\": {\n      \"S\": \"$ctx.args.date\"\n    }\n  },\n  \"attributeValues\": {\n    \"email\": { \"S\": \"$ctx.args.email\" },\n    \"message\": { \"S\": \"$ctx.args.message\" },\n    \"name\": { \"S\": \"$ctx.args.name\" },\n    \"rating\": { \"S\": \"$ctx.args.rating\" }\n  }\n}\n",
            "response_template": "  #return($ctx.result)\n",
            "runtime": [],
            "sync_config": [],
            "type": "Mutation"
          },
          "sensitive_attributes": [],
          "private": "bnVsbA==",
          "dependencies": [
            "aws_appsync_datasource.dynamodb",
            "aws_appsync_graphql_api.myapi",
            "aws_dynamodb_table.feedback",
            "aws_iam_role.appsync_role"
          ]
        }
      ]
    },
    {
      "mode": "managed",
      "type": "aws_appsync_resolver",
      "name": "query_list_feedbacks",
      "provider": "provider[\"registry.terraform.io/hashicorp/aws\"]",
      "instances": [
        {
          "schema_version": 0,
          "attributes": {
            "api_id": "57sn3somcbhf3gjir66ecphjxq",
            "arn": "arn:aws:appsync:us-east-1:565393043639:apis/57sn3somcbhf3gjir66ecphjxq/types/Query/resolvers/listFeedbacks",
            "caching_config": [],
            "code": "",
            "data_source": "DynamoDB",
            "field": "listFeedbacks",
            "id": "57sn3somcbhf3gjir66ecphjxq-Query-listFeedbacks",
            "kind": "UNIT",
            "max_batch_size": 0,
            "pipeline_config": [],
            "request_template": "{\n  \"version\": \"2018-05-29\",\n  \"operation\": \"Scan\"\n}",
            "response_template": "#if($ctx.error)\n  $util.error($ctx.error.message, $ctx.error.type)\n#else\n  $util.toJson($ctx.result)\n#end",
            "runtime": [],
            "sync_config": [],
            "type": "Query"
          },
          "sensitive_attributes": [],
          "private": "bnVsbA==",
          "dependencies": [
            "aws_appsync_datasource.dynamodb",
            "aws_appsync_graphql_api.myapi",
            "aws_dynamodb_table.feedback",
            "aws_iam_role.appsync_role"
          ]
        }
      ]
    },
    {
      "mode": "managed",
      "type": "aws_dynamodb_table",
      "name": "feedback",
      "provider": "provider[\"registry.terraform.io/hashicorp/aws\"]",
      "instances": [
        {
          "schema_version": 1,
          "attributes": {
            "arn": "arn:aws:dynamodb:us-east-1:565393043639:table/FeedbackTable",
            "attribute": [
              {
                "name": "date",
                "type": "S"
              },
              {
                "name": "type",
                "type": "S"
              }
            ],
            "billing_mode": "PAY_PER_REQUEST",
            "deletion_protection_enabled": false,
            "global_secondary_index": [],
            "hash_key": "type",
            "id": "FeedbackTable",
            "import_table": [],
            "local_secondary_index": [],
            "name": "FeedbackTable",
            "on_demand_throughput": [],
            "point_in_time_recovery": [
              {
                "enabled": false
              }
            ],
            "range_key": "date",
            "read_capacity": 0,
            "replica": [],
            "restore_date_time": null,
            "restore_source_name": null,
            "restore_source_table_arn": null,
            "restore_to_latest_time": null,
            "server_side_encryption": [],
            "stream_arn": "",
            "stream_enabled": false,
            "stream_label": "",
            "stream_view_type": "",
            "table_class": "STANDARD",
            "tags": {
              "Name": "FeedbackTable"
            },
            "tags_all": {
              "Name": "FeedbackTable"
            },
            "timeouts": null,
            "ttl": [
              {
                "attribute_name": "",
                "enabled": false
              }
            ],
            "write_capacity": 0
          },
          "sensitive_attributes": [],
          "private": "eyJlMmJmYjczMC1lY2FhLTExZTYtOGY4OC0zNDM2M2JjN2M0YzAiOnsiY3JlYXRlIjoxODAwMDAwMDAwMDAwLCJkZWxldGUiOjYwMDAwMDAwMDAwMCwidXBkYXRlIjozNjAwMDAwMDAwMDAwfSwic2NoZW1hX3ZlcnNpb24iOiIxIn0="
        }
      ]
    },
    {
      "mode": "managed",
      "type": "aws_dynamodb_table_item",
      "name": "item_1",
      "provider": "provider[\"registry.terraform.io/hashicorp/aws\"]",
      "instances": [
        {
          "schema_version": 0,
          "attributes": {
            "hash_key": "type",
            "id": "FeedbackTable|type|General|2024-01-01",
            "item": "{\n  \"type\": {\"S\": \"General\"},\n  \"date\": {\"S\": \"2024-01-01\"},\n  \"email\": {\"S\": \"example@example.com\"},\n  \"message\": {\"S\": \"This is a sample feedback message.\"},\n  \"name\": {\"S\": \"Alejandro\"},\n  \"rating\": {\"S\": \"5\"}\n}\n",
            "range_key": "date",
            "table_name": "FeedbackTable"
          },
          "sensitive_attributes": [],
          "private": "bnVsbA==",
          "dependencies": [
            "aws_dynamodb_table.feedback"
          ]
        }
      ]
    },
    {
      "mode": "managed",
      "type": "aws_iam_policy",
      "name": "appsync_policy",
      "provider": "provider[\"registry.terraform.io/hashicorp/aws\"]",
      "instances": [
        {
          "schema_version": 0,
          "attributes": {
            "arn": "arn:aws:iam::565393043639:policy/AppSyncDynamoDBRole_policy",
            "attachment_count": 1,
            "description": "Policy for AppSync to access DynamoDB",
            "id": "arn:aws:iam::565393043639:policy/AppSyncDynamoDBRole_policy",
            "name": "AppSyncDynamoDBRole_policy",
            "name_prefix": "",
            "path": "/",
            "policy": "{\"Statement\":[{\"Action\":[\"dynamodb:BatchGetItem\",\"dynamodb:GetItem\",\"dynamodb:Scan\",\"dynamodb:Query\",\"dynamodb:PutItem\",\"dynamodb:UpdateItem\",\"dynamodb:DeleteItem\"],\"Effect\":\"Allow\",\"Resource\":\"arn:aws:dynamodb:us-east-1:565393043639:table/FeedbackTable\"}],\"Version\":\"2012-10-17\"}",
            "policy_id": "ANPAYHJANGC3RXNGRO2O4",
            "tags": {},
            "tags_all": {}
          },
          "sensitive_attributes": [],
          "private": "bnVsbA==",
          "dependencies": [
            "data.aws_caller_identity.current"
          ]
        }
      ]
    },
    {
      "mode": "managed",
      "type": "aws_iam_role",
      "name": "appsync_role",
      "provider": "provider[\"registry.terraform.io/hashicorp/aws\"]",
      "instances": [
        {
          "schema_version": 0,
          "attributes": {
            "arn": "arn:aws:iam::565393043639:role/AppSyncDynamoDBRole",
            "assume_role_policy": "{\"Statement\":[{\"Action\":\"sts:AssumeRole\",\"Effect\":\"Allow\",\"Principal\":{\"Service\":\"appsync.amazonaws.com\"},\"Sid\":\"\"}],\"Version\":\"2012-10-17\"}",
            "create_date": "2024-10-20T03:10:12Z",
            "description": "",
            "force_detach_policies": false,
            "id": "AppSyncDynamoDBRole",
            "inline_policy": [],
            "managed_policy_arns": [
              "arn:aws:iam::565393043639:policy/AppSyncDynamoDBRole_policy"
            ],
            "max_session_duration": 3600,
            "name": "AppSyncDynamoDBRole",
            "name_prefix": "",
            "path": "/",
            "permissions_boundary": "",
            "tags": {},
            "tags_all": {},
            "unique_id": "AROAYHJANGC3YKH3J4HGA"
          },
          "sensitive_attributes": [],
          "private": "bnVsbA=="
        }
      ]
    },
    {
      "mode": "managed",
      "type": "aws_iam_role_policy_attachment",
      "name": "appsync_policy_attachment",
      "provider": "provider[\"registry.terraform.io/hashicorp/aws\"]",
      "instances": [
        {
          "schema_version": 0,
          "attributes": {
            "id": "AppSyncDynamoDBRole-20241020031104335900000001",
            "policy_arn": "arn:aws:iam::565393043639:policy/AppSyncDynamoDBRole_policy",
            "role": "AppSyncDynamoDBRole"
          },
          "sensitive_attributes": [],
          "private": "bnVsbA==",
          "dependencies": [
            "aws_iam_policy.appsync_policy",
            "aws_iam_role.appsync_role",
            "data.aws_caller_identity.current"
          ]
        }
      ]
    }
  ],
  "check_results": null
}
